
Microsoft Visual Studio Solution File, Format Version 12.00
# Visual Studio Version 17
VisualStudioVersion = 17.0.31903.59
MinimumVisualStudioVersion = 10.0.40219.1
Project("{FAE04EC0-301F-11D3-BF4B-00C04F79EFBC}") = "AdventOfCode.2024", "AdventOfCode.2024\AdventOfCode.2024.csproj", "{E5FA61C7-B3AE-44C7-B49A-A2482C545C57}"
EndProject
Global
	GlobalSection(SolutionConfigurationPlatforms) = preSolution
		Debug|Any CPU = Debug|Any CPU
		Release|Any CPU = Release|Any CPU
	EndGlobalSection
	GlobalSection(ProjectConfigurationPlatforms) = postSolution
		{E5FA61C7-B3AE-44C7-B49A-A2482C545C57}.Debug|Any CPU.ActiveCfg = Debug|Any CPU
		{E5FA61C7-B3AE-44C7-B49A-A2482C545C57}.Debug|Any CPU.Build.0 = Debug|Any CPU
		{E5FA61C7-B3AE-44C7-B49A-A2482C545C57}.Release|Any CPU.ActiveCfg = Release|Any CPU
		{E5FA61C7-B3AE-44C7-B49A-A2482C545C57}.Release|Any CPU.Build.0 = Release|Any CPU
	EndGlobalSection
	GlobalSection(SolutionProperties) = preSolution
		HideSolutionNode = FALSE
	EndGlobalSection
	GlobalSection(ExtensibilityGlobals) = postSolution
		SolutionGuid = {7E751EF3-6FBB-4944-BD57-9D2FF9EF4842}
	EndGlobalSection
EndGlobal
